
Microsoft Visual Studio Solution File, Format Version 12.00
# Visual Studio Version 17
VisualStudioVersion = 17.10.35013.160
MinimumVisualStudioVersion = 10.0.40219.1
Project("{FAE04EC0-301F-11D3-BF4B-00C04F79EFBC}") = "task4MVC", "task4MVC\task4MVC.csproj", "{1C187596-A851-4E4B-9063-C894C3ABEAF1}"
EndProject
Global
	GlobalSection(SolutionConfigurationPlatforms) = preSolution
		Debug|Any CPU = Debug|Any CPU
		Release|Any CPU = Release|Any CPU
	EndGlobalSection
	GlobalSection(ProjectConfigurationPlatforms) = postSolution
		{1C187596-A851-4E4B-9063-C894C3ABEAF1}.Debug|Any CPU.ActiveCfg = Debug|Any CPU
		{1C187596-A851-4E4B-9063-C894C3ABEAF1}.Debug|Any CPU.Build.0 = Debug|Any CPU
		{1C187596-A851-4E4B-9063-C894C3ABEAF1}.Release|Any CPU.ActiveCfg = Release|Any CPU
		{1C187596-A851-4E4B-9063-C894C3ABEAF1}.Release|Any CPU.Build.0 = Release|Any CPU
	EndGlobalSection
	GlobalSection(SolutionProperties) = preSolution
		HideSolutionNode = FALSE
	EndGlobalSection
	GlobalSection(ExtensibilityGlobals) = postSolution
		SolutionGuid = {8B8D4523-23DA-4C02-8F39-005B0CC71264}
	EndGlobalSection
EndGlobal
