
Microsoft Visual Studio Solution File, Format Version 12.00
# Visual Studio Version 17
VisualStudioVersion = 17.10.35013.160
MinimumVisualStudioVersion = 10.0.40219.1
Project("{FAE04EC0-301F-11D3-BF4B-00C04F79EFBC}") = "testMVC", "testMVC\testMVC.csproj", "{5CBED744-358D-4371-88B4-30B800A2488E}"
EndProject
Global
	GlobalSection(SolutionConfigurationPlatforms) = preSolution
		Debug|Any CPU = Debug|Any CPU
		Release|Any CPU = Release|Any CPU
	EndGlobalSection
	GlobalSection(ProjectConfigurationPlatforms) = postSolution
		{5CBED744-358D-4371-88B4-30B800A2488E}.Debug|Any CPU.ActiveCfg = Debug|Any CPU
		{5CBED744-358D-4371-88B4-30B800A2488E}.Debug|Any CPU.Build.0 = Debug|Any CPU
		{5CBED744-358D-4371-88B4-30B800A2488E}.Release|Any CPU.ActiveCfg = Release|Any CPU
		{5CBED744-358D-4371-88B4-30B800A2488E}.Release|Any CPU.Build.0 = Release|Any CPU
	EndGlobalSection
	GlobalSection(SolutionProperties) = preSolution
		HideSolutionNode = FALSE
	EndGlobalSection
	GlobalSection(ExtensibilityGlobals) = postSolution
		SolutionGuid = {F039C25D-1AB1-414B-ACCD-FE268CC5924C}
	EndGlobalSection
EndGlobal
