
Microsoft Visual Studio Solution File, Format Version 12.00
# Visual Studio Version 17
VisualStudioVersion = 17.10.35013.160
MinimumVisualStudioVersion = 10.0.40219.1
Project("{FAE04EC0-301F-11D3-BF4B-00C04F79EFBC}") = "task3", "task3\task3.csproj", "{DFC6D38A-093D-49EB-9938-0DAD5227CBE2}"
EndProject
Global
	GlobalSection(SolutionConfigurationPlatforms) = preSolution
		Debug|Any CPU = Debug|Any CPU
		Release|Any CPU = Release|Any CPU
	EndGlobalSection
	GlobalSection(ProjectConfigurationPlatforms) = postSolution
		{DFC6D38A-093D-49EB-9938-0DAD5227CBE2}.Debug|Any CPU.ActiveCfg = Debug|Any CPU
		{DFC6D38A-093D-49EB-9938-0DAD5227CBE2}.Debug|Any CPU.Build.0 = Debug|Any CPU
		{DFC6D38A-093D-49EB-9938-0DAD5227CBE2}.Release|Any CPU.ActiveCfg = Release|Any CPU
		{DFC6D38A-093D-49EB-9938-0DAD5227CBE2}.Release|Any CPU.Build.0 = Release|Any CPU
	EndGlobalSection
	GlobalSection(SolutionProperties) = preSolution
		HideSolutionNode = FALSE
	EndGlobalSection
	GlobalSection(ExtensibilityGlobals) = postSolution
		SolutionGuid = {292D379C-E953-44BD-9B67-CFE1BE25222D}
	EndGlobalSection
EndGlobal
